// !$*UTF8*$!
{
	archiveVersion = 1;
	classes = {
	};
	objectVersion = 46;
	objects = {

/* Begin PBXBuildFile section */
		87AEF4D71AFFA83300411E16 /* BDayTableViewCell.m in Sources */ = {isa = PBXBuildFile; fileRef = 87AEF4D61AFFA83300411E16 /* BDayTableViewCell.m */; };
		87AEF4DA1B0144EA00411E16 /* BDayPerson.m in Sources */ = {isa = PBXBuildFile; fileRef = 87AEF4D91B0144EA00411E16 /* BDayPerson.m */; };
		87B843E01AF7C3B70005A7B7 /* main.m in Sources */ = {isa = PBXBuildFile; fileRef = 87B843DF1AF7C3B70005A7B7 /* main.m */; };
		87B843E31AF7C3B70005A7B7 /* AppDelegate.m in Sources */ = {isa = PBXBuildFile; fileRef = 87B843E21AF7C3B70005A7B7 /* AppDelegate.m */; };
		87B843E91AF7C3B70005A7B7 /* Main.storyboard in Resources */ = {isa = PBXBuildFile; fileRef = 87B843E71AF7C3B70005A7B7 /* Main.storyboard */; };
		87B843EB1AF7C3B70005A7B7 /* Images.xcassets in Resources */ = {isa = PBXBuildFile; fileRef = 87B843EA1AF7C3B70005A7B7 /* Images.xcassets */; };
		87B843EE1AF7C3B80005A7B7 /* LaunchScreen.xib in Resources */ = {isa = PBXBuildFile; fileRef = 87B843EC1AF7C3B80005A7B7 /* LaunchScreen.xib */; };
		87B843FA1AF7C3B80005A7B7 /* date_picker_uw_ios_hw4Tests.m in Sources */ = {isa = PBXBuildFile; fileRef = 87B843F91AF7C3B80005A7B7 /* date_picker_uw_ios_hw4Tests.m */; };
		87DD306F1AFCFDA4004592E8 /* BDayListTableViewController.m in Sources */ = {isa = PBXBuildFile; fileRef = 87DD306E1AFCFDA4004592E8 /* BDayListTableViewController.m */; };
/* End PBXBuildFile section */

/* Begin PBXContainerItemProxy section */
		87B843F41AF7C3B80005A7B7 /* PBXContainerItemProxy */ = {
			isa = PBXContainerItemProxy;
			containerPortal = 87B843D21AF7C3B70005A7B7 /* Project object */;
			proxyType = 1;
			remoteGlobalIDString = 87B843D91AF7C3B70005A7B7;
			remoteInfo = "date-picker-uw-ios-hw4";
		};
/* End PBXContainerItemProxy section */

/* Begin PBXFileReference section */
		87AEF4D51AFFA83300411E16 /* BDayTableViewCell.h */ = {isa = PBXFileReference; fileEncoding = 4; lastKnownFileType = sourcecode.c.h; path = BDayTableViewCell.h; sourceTree = "<group>"; };
		87AEF4D61AFFA83300411E16 /* BDayTableViewCell.m */ = {isa = PBXFileReference; fileEncoding = 4; lastKnownFileType = sourcecode.c.objc; path = BDayTableViewCell.m; sourceTree = "<group>"; };
		87AEF4D81B0144EA00411E16 /* BDayPerson.h */ = {isa = PBXFileReference; fileEncoding = 4; lastKnownFileType = sourcecode.c.h; path = BDayPerson.h; sourceTree = "<group>"; };
		87AEF4D91B0144EA00411E16 /* BDayPerson.m */ = {isa = PBXFileReference; fileEncoding = 4; lastKnownFileType = sourcecode.c.objc; path = BDayPerson.m; sourceTree = "<group>"; };
		87B843DA1AF7C3B70005A7B7 /* date-picker-uw-ios-hw4.app */ = {isa = PBXFileReference; explicitFileType = wrapper.application; includeInIndex = 0; path = "date-picker-uw-ios-hw4.app"; sourceTree = BUILT_PRODUCTS_DIR; };
		87B843DE1AF7C3B70005A7B7 /* Info.plist */ = {isa = PBXFileReference; lastKnownFileType = text.plist.xml; path = Info.plist; sourceTree = "<group>"; };
		87B843DF1AF7C3B70005A7B7 /* main.m */ = {isa = PBXFileReference; lastKnownFileType = sourcecode.c.objc; path = main.m; sourceTree = "<group>"; };
		87B843E11AF7C3B70005A7B7 /* AppDelegate.h */ = {isa = PBXFileReference; lastKnownFileType = sourcecode.c.h; path = AppDelegate.h; sourceTree = "<group>"; };
		87B843E21AF7C3B70005A7B7 /* AppDelegate.m */ = {isa = PBXFileReference; lastKnownFileType = sourcecode.c.objc; path = AppDelegate.m; sourceTree = "<group>"; };
		87B843E81AF7C3B70005A7B7 /* Base */ = {isa = PBXFileReference; lastKnownFileType = file.storyboard; name = Base; path = Base.lproj/Main.storyboard; sourceTree = "<group>"; };
		87B843EA1AF7C3B70005A7B7 /* Images.xcassets */ = {isa = PBXFileReference; lastKnownFileType = folder.assetcatalog; path = Images.xcassets; sourceTree = "<group>"; };
		87B843ED1AF7C3B80005A7B7 /* Base */ = {isa = PBXFileReference; lastKnownFileType = file.xib; name = Base; path = Base.lproj/LaunchScreen.xib; sourceTree = "<group>"; };
		87B843F31AF7C3B80005A7B7 /* date-picker-uw-ios-hw4Tests.xctest */ = {isa = PBXFileReference; explicitFileType = wrapper.cfbundle; includeInIndex = 0; path = "date-picker-uw-ios-hw4Tests.xctest"; sourceTree = BUILT_PRODUCTS_DIR; };
		87B843F81AF7C3B80005A7B7 /* Info.plist */ = {isa = PBXFileReference; lastKnownFileType = text.plist.xml; path = Info.plist; sourceTree = "<group>"; };
		87B843F91AF7C3B80005A7B7 /* date_picker_uw_ios_hw4Tests.m */ = {isa = PBXFileReference; lastKnownFileType = sourcecode.c.objc; path = date_picker_uw_ios_hw4Tests.m; sourceTree = "<group>"; };
		87DD306D1AFCFDA4004592E8 /* BDayListTableViewController.h */ = {isa = PBXFileReference; fileEncoding = 4; lastKnownFileType = sourcecode.c.h; path = BDayListTableViewController.h; sourceTree = "<group>"; };
		87DD306E1AFCFDA4004592E8 /* BDayListTableViewController.m */ = {isa = PBXFileReference; fileEncoding = 4; lastKnownFileType = sourcecode.c.objc; path = BDayListTableViewController.m; sourceTree = "<group>"; };
/* End PBXFileReference section */

/* Begin PBXFrameworksBuildPhase section */
		87B843D71AF7C3B70005A7B7 /* Frameworks */ = {
			isa = PBXFrameworksBuildPhase;
			buildActionMask = 2147483647;
			files = (
			);
			runOnlyForDeploymentPostprocessing = 0;
		};
		87B843F01AF7C3B80005A7B7 /* Frameworks */ = {
			isa = PBXFrameworksBuildPhase;
			buildActionMask = 2147483647;
			files = (
			);
			runOnlyForDeploymentPostprocessing = 0;
		};
/* End PBXFrameworksBuildPhase section */

/* Begin PBXGroup section */
		87B843D11AF7C3B70005A7B7 = {
			isa = PBXGroup;
			children = (
				87B843DC1AF7C3B70005A7B7 /* date-picker-uw-ios-hw4 */,
				87B843F61AF7C3B80005A7B7 /* date-picker-uw-ios-hw4Tests */,
				87B843DB1AF7C3B70005A7B7 /* Products */,
			);
			sourceTree = "<group>";
		};
		87B843DB1AF7C3B70005A7B7 /* Products */ = {
			isa = PBXGroup;
			children = (
				87B843DA1AF7C3B70005A7B7 /* date-picker-uw-ios-hw4.app */,
				87B843F31AF7C3B80005A7B7 /* date-picker-uw-ios-hw4Tests.xctest */,
			);
			name = Products;
			sourceTree = "<group>";
		};
		87B843DC1AF7C3B70005A7B7 /* date-picker-uw-ios-hw4 */ = {
			isa = PBXGroup;
			children = (
				87B843E11AF7C3B70005A7B7 /* AppDelegate.h */,
				87B843E21AF7C3B70005A7B7 /* AppDelegate.m */,
				87AEF4D81B0144EA00411E16 /* BDayPerson.h */,
				87AEF4D91B0144EA00411E16 /* BDayPerson.m */,
				87AEF4D51AFFA83300411E16 /* BDayTableViewCell.h */,
				87AEF4D61AFFA83300411E16 /* BDayTableViewCell.m */,
				87DD306D1AFCFDA4004592E8 /* BDayListTableViewController.h */,
				87DD306E1AFCFDA4004592E8 /* BDayListTableViewController.m */,
				87B843E71AF7C3B70005A7B7 /* Main.storyboard */,
				87B843EA1AF7C3B70005A7B7 /* Images.xcassets */,
				87B843EC1AF7C3B80005A7B7 /* LaunchScreen.xib */,
				87B843DD1AF7C3B70005A7B7 /* Supporting Files */,
			);
			path = "date-picker-uw-ios-hw4";
			sourceTree = "<group>";
		};
		87B843DD1AF7C3B70005A7B7 /* Supporting Files */ = {
			isa = PBXGroup;
			children = (
				87B843DE1AF7C3B70005A7B7 /* Info.plist */,
				87B843DF1AF7C3B70005A7B7 /* main.m */,
			);
			name = "Supporting Files";
			sourceTree = "<group>";
		};
		87B843F61AF7C3B80005A7B7 /* date-picker-uw-ios-hw4Tests */ = {
			isa = PBXGroup;
			children = (
				87B843F91AF7C3B80005A7B7 /* date_picker_uw_ios_hw4Tests.m */,
				87B843F71AF7C3B80005A7B7 /* Supporting Files */,
			);
			path = "date-picker-uw-ios-hw4Tests";
			sourceTree = "<group>";
		};
		87B843F71AF7C3B80005A7B7 /* Supporting Files */ = {
			isa = PBXGroup;
			children = (
				87B843F81AF7C3B80005A7B7 /* Info.plist */,
			);
			name = "Supporting Files";
			sourceTree = "<group>";
		};
/* End PBXGroup section */

/* Begin PBXNativeTarget section */
		87B843D91AF7C3B70005A7B7 /* date-picker-uw-ios-hw4 */ = {
			isa = PBXNativeTarget;
			buildConfigurationList = 87B843FD1AF7C3B80005A7B7 /* Build configuration list for PBXNativeTarget "date-picker-uw-ios-hw4" */;
			buildPhases = (
				87B843D61AF7C3B70005A7B7 /* Sources */,
				87B843D71AF7C3B70005A7B7 /* Frameworks */,
				87B843D81AF7C3B70005A7B7 /* Resources */,
			);
			buildRules = (
			);
			dependencies = (
			);
			name = "date-picker-uw-ios-hw4";
			productName = "date-picker-uw-ios-hw4";
			productReference = 87B843DA1AF7C3B70005A7B7 /* date-picker-uw-ios-hw4.app */;
			productType = "com.apple.product-type.application";
		};
		87B843F21AF7C3B80005A7B7 /* date-picker-uw-ios-hw4Tests */ = {
			isa = PBXNativeTarget;
			buildConfigurationList = 87B844001AF7C3B80005A7B7 /* Build configuration list for PBXNativeTarget "date-picker-uw-ios-hw4Tests" */;
			buildPhases = (
				87B843EF1AF7C3B80005A7B7 /* Sources */,
				87B843F01AF7C3B80005A7B7 /* Frameworks */,
				87B843F11AF7C3B80005A7B7 /* Resources */,
			);
			buildRules = (
			);
			dependencies = (
				87B843F51AF7C3B80005A7B7 /* PBXTargetDependency */,
			);
			name = "date-picker-uw-ios-hw4Tests";
			productName = "date-picker-uw-ios-hw4Tests";
			productReference = 87B843F31AF7C3B80005A7B7 /* date-picker-uw-ios-hw4Tests.xctest */;
			productType = "com.apple.product-type.bundle.unit-test";
		};
/* End PBXNativeTarget section */

/* Begin PBXProject section */
		87B843D21AF7C3B70005A7B7 /* Project object */ = {
			isa = PBXProject;
			attributes = {
				LastUpgradeCheck = 0630;
				ORGANIZATIONNAME = "Parker, Carl (HBO)";
				TargetAttributes = {
					87B843D91AF7C3B70005A7B7 = {
						CreatedOnToolsVersion = 6.3.1;
					};
					87B843F21AF7C3B80005A7B7 = {
						CreatedOnToolsVersion = 6.3.1;
						TestTargetID = 87B843D91AF7C3B70005A7B7;
					};
				};
			};
			buildConfigurationList = 87B843D51AF7C3B70005A7B7 /* Build configuration list for PBXProject "date-picker-uw-ios-hw4" */;
			compatibilityVersion = "Xcode 3.2";
			developmentRegion = English;
			hasScannedForEncodings = 0;
			knownRegions = (
				en,
				Base,
			);
			mainGroup = 87B843D11AF7C3B70005A7B7;
			productRefGroup = 87B843DB1AF7C3B70005A7B7 /* Products */;
			projectDirPath = "";
			projectRoot = "";
			targets = (
				87B843D91AF7C3B70005A7B7 /* date-picker-uw-ios-hw4 */,
				87B843F21AF7C3B80005A7B7 /* date-picker-uw-ios-hw4Tests */,
			);
		};
/* End PBXProject section */

/* Begin PBXResourcesBuildPhase section */
		87B843D81AF7C3B70005A7B7 /* Resources */ = {
			isa = PBXResourcesBuildPhase;
			buildActionMask = 2147483647;
			files = (
				87B843E91AF7C3B70005A7B7 /* Main.storyboard in Resources */,
				87B843EE1AF7C3B80005A7B7 /* LaunchScreen.xib in Resources */,
				87B843EB1AF7C3B70005A7B7 /* Images.xcassets in Resources */,
			);
			runOnlyForDeploymentPostprocessing = 0;
		};
		87B843F11AF7C3B80005A7B7 /* Resources */ = {
			isa = PBXResourcesBuildPhase;
			buildActionMask = 2147483647;
			files = (
			);
			runOnlyForDeploymentPostprocessing = 0;
		};
/* End PBXResourcesBuildPhase section */

/* Begin PBXSourcesBuildPhase section */
		87B843D61AF7C3B70005A7B7 /* Sources */ = {
			isa = PBXSourcesBuildPhase;
			buildActionMask = 2147483647;
			files = (
				87B843E31AF7C3B70005A7B7 /* AppDelegate.m in Sources */,
				87AEF4DA1B0144EA00411E16 /* BDayPerson.m in Sources */,
				87AEF4D71AFFA83300411E16 /* BDayTableViewCell.m in Sources */,
				87B843E01AF7C3B70005A7B7 /* main.m in Sources */,
				87DD306F1AFCFDA4004592E8 /* BDayListTableViewController.m in Sources */,
			);
			runOnlyForDeploymentPostprocessing = 0;
		};
		87B843EF1AF7C3B80005A7B7 /* Sources */ = {
			isa = PBXSourcesBuildPhase;
			buildActionMask = 2147483647;
			files = (
				87B843FA1AF7C3B80005A7B7 /* date_picker_uw_ios_hw4Tests.m in Sources */,
			);
			runOnlyForDeploymentPostprocessing = 0;
		};
/* End PBXSourcesBuildPhase section */

/* Begin PBXTargetDependency section */
		87B843F51AF7C3B80005A7B7 /* PBXTargetDependency */ = {
			isa = PBXTargetDependency;
			target = 87B843D91AF7C3B70005A7B7 /* date-picker-uw-ios-hw4 */;
			targetProxy = 87B843F41AF7C3B80005A7B7 /* PBXContainerItemProxy */;
		};
/* End PBXTargetDependency section */

/* Begin PBXVariantGroup section */
		87B843E71AF7C3B70005A7B7 /* Main.storyboard */ = {
			isa = PBXVariantGroup;
			children = (
				87B843E81AF7C3B70005A7B7 /* Base */,
			);
			name = Main.storyboard;
			sourceTree = "<group>";
		};
		87B843EC1AF7C3B80005A7B7 /* LaunchScreen.xib */ = {
			isa = PBXVariantGroup;
			children = (
				87B843ED1AF7C3B80005A7B7 /* Base */,
			);
			name = LaunchScreen.xib;
			sourceTree = "<group>";
		};
/* End PBXVariantGroup section */

/* Begin XCBuildConfiguration section */
		87B843FB1AF7C3B80005A7B7 /* Debug */ = {
			isa = XCBuildConfiguration;
			buildSettings = {
				ALWAYS_SEARCH_USER_PATHS = NO;
				CLANG_CXX_LANGUAGE_STANDARD = "gnu++0x";
				CLANG_CXX_LIBRARY = "libc++";
				CLANG_ENABLE_MODULES = YES;
				CLANG_ENABLE_OBJC_ARC = YES;
				CLANG_WARN_BOOL_CONVERSION = YES;
				CLANG_WARN_CONSTANT_CONVERSION = YES;
				CLANG_WARN_DIRECT_OBJC_ISA_USAGE = YES_ERROR;
				CLANG_WARN_EMPTY_BODY = YES;
				CLANG_WARN_ENUM_CONVERSION = YES;
				CLANG_WARN_INT_CONVERSION = YES;
				CLANG_WARN_OBJC_ROOT_CLASS = YES_ERROR;
				CLANG_WARN_UNREACHABLE_CODE = YES;
				CLANG_WARN__DUPLICATE_METHOD_MATCH = YES;
				"CODE_SIGN_IDENTITY[sdk=iphoneos*]" = "iPhone Developer";
				COPY_PHASE_STRIP = NO;
				DEBUG_INFORMATION_FORMAT = "dwarf-with-dsym";
				ENABLE_STRICT_OBJC_MSGSEND = YES;
				GCC_C_LANGUAGE_STANDARD = gnu99;
				GCC_DYNAMIC_NO_PIC = NO;
				GCC_NO_COMMON_BLOCKS = YES;
				GCC_OPTIMIZATION_LEVEL = 0;
				GCC_PREPROCESSOR_DEFINITIONS = (
					"DEBUG=1",
					"$(inherited)",
				);
				GCC_SYMBOLS_PRIVATE_EXTERN = NO;
				GCC_WARN_64_TO_32_BIT_CONVERSION = YES;
				GCC_WARN_ABOUT_RETURN_TYPE = YES_ERROR;
				GCC_WARN_UNDECLARED_SELECTOR = YES;
				GCC_WARN_UNINITIALIZED_AUTOS = YES_AGGRESSIVE;
				GCC_WARN_UNUSED_FUNCTION = YES;
				GCC_WARN_UNUSED_VARIABLE = YES;
				IPHONEOS_DEPLOYMENT_TARGET = 8.3;
				MTL_ENABLE_DEBUG_INFO = YES;
				ONLY_ACTIVE_ARCH = YES;
				SDKROOT = iphoneos;
				TARGETED_DEVICE_FAMILY = "1,2";
			};
			name = Debug;
		};
		87B843FC1AF7C3B80005A7B7 /* Release */ = {
			isa = XCBuildConfiguration;
			buildSettings = {
				ALWAYS_SEARCH_USER_PATHS = NO;
				CLANG_CXX_LANGUAGE_STANDARD = "gnu++0x";
				CLANG_CXX_LIBRARY = "libc++";
				CLANG_ENABLE_MODULES = YES;
				CLANG_ENABLE_OBJC_ARC = YES;
				CLANG_WARN_BOOL_CONVERSION = YES;
				CLANG_WARN_CONSTANT_CONVERSION = YES;
				CLANG_WARN_DIRECT_OBJC_ISA_USAGE = YES_ERROR;
				CLANG_WARN_EMPTY_BODY = YES;
				CLANG_WARN_ENUM_CONVERSION = YES;
				CLANG_WARN_INT_CONVERSION = YES;
				CLANG_WARN_OBJC_ROOT_CLASS = YES_ERROR;
				CLANG_WARN_UNREACHABLE_CODE = YES;
				CLANG_WARN__DUPLICATE_METHOD_MATCH = YES;
				"CODE_SIGN_IDENTITY[sdk=iphoneos*]" = "iPhone Developer";
				COPY_PHASE_STRIP = NO;
				DEBUG_INFORMATION_FORMAT = "dwarf-with-dsym";
				ENABLE_NS_ASSERTIONS = NO;
				ENABLE_STRICT_OBJC_MSGSEND = YES;
				GCC_C_LANGUAGE_STANDARD = gnu99;
				GCC_NO_COMMON_BLOCKS = YES;
				GCC_WARN_64_TO_32_BIT_CONVERSION = YES;
				GCC_WARN_ABOUT_RETURN_TYPE = YES_ERROR;
				GCC_WARN_UNDECLARED_SELECTOR = YES;
				GCC_WARN_UNINITIALIZED_AUTOS = YES_AGGRESSIVE;
				GCC_WARN_UNUSED_FUNCTION = YES;
				GCC_WARN_UNUSED_VARIABLE = YES;
				IPHONEOS_DEPLOYMENT_TARGET = 8.3;
				MTL_ENABLE_DEBUG_INFO = NO;
				SDKROOT = iphoneos;
				TARGETED_DEVICE_FAMILY = "1,2";
				VALIDATE_PRODUCT = YES;
			};
			name = Release;
		};
		87B843FE1AF7C3B80005A7B7 /* Debug */ = {
			isa = XCBuildConfiguration;
			buildSettings = {
				ASSETCATALOG_COMPILER_APPICON_NAME = AppIcon;
				INFOPLIST_FILE = "date-picker-uw-ios-hw4/Info.plist";
				LD_RUNPATH_SEARCH_PATHS = "$(inherited) @executable_path/Frameworks";
				PRODUCT_NAME = "$(TARGET_NAME)";
			};
			name = Debug;
		};
		87B843FF1AF7C3B80005A7B7 /* Release */ = {
			isa = XCBuildConfiguration;
			buildSettings = {
				ASSETCATALOG_COMPILER_APPICON_NAME = AppIcon;
				INFOPLIST_FILE = "date-picker-uw-ios-hw4/Info.plist";
				LD_RUNPATH_SEARCH_PATHS = "$(inherited) @executable_path/Frameworks";
				PRODUCT_NAME = "$(TARGET_NAME)";
			};
			name = Release;
		};
		87B844011AF7C3B80005A7B7 /* Debug */ = {
			isa = XCBuildConfiguration;
			buildSettings = {
				BUNDLE_LOADER = "$(TEST_HOST)";
				FRAMEWORK_SEARCH_PATHS = (
					"$(SDKROOT)/Developer/Library/Frameworks",
					"$(inherited)",
				);
				GCC_PREPROCESSOR_DEFINITIONS = (
					"DEBUG=1",
					"$(inherited)",
				);
				INFOPLIST_FILE = "date-picker-uw-ios-hw4Tests/Info.plist";
				LD_RUNPATH_SEARCH_PATHS = "$(inherited) @executable_path/Frameworks @loader_path/Frameworks";
				PRODUCT_NAME = "$(TARGET_NAME)";
				TEST_HOST = "$(BUILT_PRODUCTS_DIR)/date-picker-uw-ios-hw4.app/date-picker-uw-ios-hw4";
			};
			name = Debug;
		};
		87B844021AF7C3B80005A7B7 /* Release */ = {
			isa = XCBuildConfiguration;
			buildSettings = {
				BUNDLE_LOADER = "$(TEST_HOST)";
				FRAMEWORK_SEARCH_PATHS = (
					"$(SDKROOT)/Developer/Library/Frameworks",
					"$(inherited)",
				);
				INFOPLIST_FILE = "date-picker-uw-ios-hw4Tests/Info.plist";
				LD_RUNPATH_SEARCH_PATHS = "$(inherited) @executable_path/Frameworks @loader_path/Frameworks";
				PRODUCT_NAME = "$(TARGET_NAME)";
				TEST_HOST = "$(BUILT_PRODUCTS_DIR)/date-picker-uw-ios-hw4.app/date-picker-uw-ios-hw4";
			};
			name = Release;
		};
/* End XCBuildConfiguration section */

/* Begin XCConfigurationList section */
		87B843D51AF7C3B70005A7B7 /* Build configuration list for PBXProject "date-picker-uw-ios-hw4" */ = {
			isa = XCConfigurationList;
			buildConfigurations = (
				87B843FB1AF7C3B80005A7B7 /* Debug */,
				87B843FC1AF7C3B80005A7B7 /* Release */,
			);
			defaultConfigurationIsVisible = 0;
			defaultConfigurationName = Release;
		};
		87B843FD1AF7C3B80005A7B7 /* Build configuration list for PBXNativeTarget "date-picker-uw-ios-hw4" */ = {
			isa = XCConfigurationList;
			buildConfigurations = (
				87B843FE1AF7C3B80005A7B7 /* Debug */,
				87B843FF1AF7C3B80005A7B7 /* Release */,
			);
			defaultConfigurationIsVisible = 0;
			defaultConfigurationName = Release;
		};
		87B844001AF7C3B80005A7B7 /* Build configuration list for PBXNativeTarget "date-picker-uw-ios-hw4Tests" */ = {
			isa = XCConfigurationList;
			buildConfigurations = (
				87B844011AF7C3B80005A7B7 /* Debug */,
				87B844021AF7C3B80005A7B7 /* Release */,
			);
			defaultConfigurationIsVisible = 0;
			defaultConfigurationName = Release;
		};
/* End XCConfigurationList section */
	};
	rootObject = 87B843D21AF7C3B70005A7B7 /* Project object */;
}
